
Microsoft Visual Studio Solution File, Format Version 12.00
# Visual Studio Version 16
VisualStudioVersion = 16.0.29102.190
MinimumVisualStudioVersion = 10.0.40219.1
Project("{FAE04EC0-301F-11D3-BF4B-00C04F79EFBC}") = "ClassLibrary1", "ClassLibrary1\ClassLibrary1.csproj", "{226F68CA-78EA-490D-98D7-9D8852E1D1B2}"
EndProject
Global
	GlobalSection(SolutionConfigurationPlatforms) = preSolution
		Debug|Any CPU = Debug|Any CPU
		Release|Any CPU = Release|Any CPU
	EndGlobalSection
	GlobalSection(ProjectConfigurationPlatforms) = postSolution
		{226F68CA-78EA-490D-98D7-9D8852E1D1B2}.Debug|Any CPU.ActiveCfg = Debug|Any CPU
		{226F68CA-78EA-490D-98D7-9D8852E1D1B2}.Debug|Any CPU.Build.0 = Debug|Any CPU
		{226F68CA-78EA-490D-98D7-9D8852E1D1B2}.Release|Any CPU.ActiveCfg = Release|Any CPU
		{226F68CA-78EA-490D-98D7-9D8852E1D1B2}.Release|Any CPU.Build.0 = Release|Any CPU
	EndGlobalSection
	GlobalSection(SolutionProperties) = preSolution
		HideSolutionNode = FALSE
	EndGlobalSection
	GlobalSection(ExtensibilityGlobals) = postSolution
		SolutionGuid = {ADDDC640-F8F6-4043-9CF2-867416592711}
	EndGlobalSection
EndGlobal
