
Microsoft Visual Studio Solution File, Format Version 12.00
# Visual Studio Version 16
VisualStudioVersion = 16.0.29102.190
MinimumVisualStudioVersion = 10.0.40219.1
Project("{FAE04EC0-301F-11D3-BF4B-00C04F79EFBC}") = "ConsoleApp1", "ConsoleApp1\ConsoleApp1.csproj", "{91C0AF11-9C56-4D51-8A89-6C971C41FE2A}"
EndProject
Global
	GlobalSection(SolutionConfigurationPlatforms) = preSolution
		Debug|Any CPU = Debug|Any CPU
		Release|Any CPU = Release|Any CPU
	EndGlobalSection
	GlobalSection(ProjectConfigurationPlatforms) = postSolution
		{91C0AF11-9C56-4D51-8A89-6C971C41FE2A}.Debug|Any CPU.ActiveCfg = Debug|Any CPU
		{91C0AF11-9C56-4D51-8A89-6C971C41FE2A}.Debug|Any CPU.Build.0 = Debug|Any CPU
		{91C0AF11-9C56-4D51-8A89-6C971C41FE2A}.Release|Any CPU.ActiveCfg = Release|Any CPU
		{91C0AF11-9C56-4D51-8A89-6C971C41FE2A}.Release|Any CPU.Build.0 = Release|Any CPU
	EndGlobalSection
	GlobalSection(SolutionProperties) = preSolution
		HideSolutionNode = FALSE
	EndGlobalSection
	GlobalSection(ExtensibilityGlobals) = postSolution
		SolutionGuid = {098C3F7D-4E8F-4A77-A3D4-1B6BC70C0DDC}
	EndGlobalSection
EndGlobal
